{
  "name": "hyperapp-to-html",
  "version": "0.1.0",
  "lockfileVersion": 1,
  "dependencies": {
    "self-closing-tags": {
      "version": "1.0.0",
      "resolved": "https://registry.npmjs.org/self-closing-tags/-/self-closing-tags-1.0.0.tgz",
      "integrity": "sha1-OgJhnvgAsnFi8VVzUqKreDj6dWs="
    }
  }
}
