# THIS IS AN AUTOGENERATED FILE. DO NOT EDIT THIS FILE DIRECTLY.
# yarn lockfile v1


hyperapp@^0.10.1:
  version "0.10.1"
  resolved "https://registry.yarnpkg.com/hyperapp/-/hyperapp-0.10.1.tgz#73cac9f97b8f3082cb3a15f7fd8db1196433825c"

self-closing-tags@^1.0.0:
  version "1.0.0"
  resolved "https://registry.yarnpkg.com/self-closing-tags/-/self-closing-tags-1.0.0.tgz#3a02619ef800b27162f1557352a2ab7838fa756b"
